// !$*UTF8*$!
{
	archiveVersion = 1;
	classes = {
	};
	objectVersion = 55;
	objects = {

/* Begin PBXBuildFile section */
		0710E13DFF38755520368A43 /* Pods_Cheer.framework in Frameworks */ = {isa = PBXBuildFile; fileRef = 73D284131394D4339EA67D84 /* Pods_Cheer.framework */; };
		8F0BBF27270EEA9F00499E41 /* CheerApp.swift in Sources */ = {isa = PBXBuildFile; fileRef = 8F0BBF26270EEA9F00499E41 /* CheerApp.swift */; };
		8F0BBF29270EEA9F00499E41 /* ContentView.swift in Sources */ = {isa = PBXBuildFile; fileRef = 8F0BBF28270EEA9F00499E41 /* ContentView.swift */; };
		8F0BBF2B270EEAA000499E41 /* Assets.xcassets in Resources */ = {isa = PBXBuildFile; fileRef = 8F0BBF2A270EEAA000499E41 /* Assets.xcassets */; };
		8F0BBF2E270EEAA000499E41 /* Preview Assets.xcassets in Resources */ = {isa = PBXBuildFile; fileRef = 8F0BBF2D270EEAA000499E41 /* Preview Assets.xcassets */; };
		8F0BBF38270EEAA100499E41 /* CheerTests.swift in Sources */ = {isa = PBXBuildFile; fileRef = 8F0BBF37270EEAA100499E41 /* CheerTests.swift */; };
		8F0BBF42270EEAA100499E41 /* CheerUITests.swift in Sources */ = {isa = PBXBuildFile; fileRef = 8F0BBF41270EEAA100499E41 /* CheerUITests.swift */; };
		8F0BBF44270EEAA100499E41 /* CheerUITestsLaunchTests.swift in Sources */ = {isa = PBXBuildFile; fileRef = 8F0BBF43270EEAA100499E41 /* CheerUITestsLaunchTests.swift */; };
		8F0BBF51270EEAB500499E41 /* WebView.swift in Sources */ = {isa = PBXBuildFile; fileRef = 8F0BBF50270EEAB500499E41 /* WebView.swift */; };
		8F0BBF542710801900499E41 /* Collection.swift in Sources */ = {isa = PBXBuildFile; fileRef = 8F0BBF532710801900499E41 /* Collection.swift */; };
/* End PBXBuildFile section */

/* Begin PBXContainerItemProxy section */
		8F0BBF34270EEAA100499E41 /* PBXContainerItemProxy */ = {
			isa = PBXContainerItemProxy;
			containerPortal = 8F0BBF1B270EEA9E00499E41 /* Project object */;
			proxyType = 1;
			remoteGlobalIDString = 8F0BBF22270EEA9F00499E41;
			remoteInfo = Cheer;
		};
		8F0BBF3E270EEAA100499E41 /* PBXContainerItemProxy */ = {
			isa = PBXContainerItemProxy;
			containerPortal = 8F0BBF1B270EEA9E00499E41 /* Project object */;
			proxyType = 1;
			remoteGlobalIDString = 8F0BBF22270EEA9F00499E41;
			remoteInfo = Cheer;
		};
/* End PBXContainerItemProxy section */

/* Begin PBXFileReference section */
		73D284131394D4339EA67D84 /* Pods_Cheer.framework */ = {isa = PBXFileReference; explicitFileType = wrapper.framework; includeInIndex = 0; path = Pods_Cheer.framework; sourceTree = BUILT_PRODUCTS_DIR; };
		88655C80B1B9368D54AB9F63 /* Pods-Cheer.release.xcconfig */ = {isa = PBXFileReference; includeInIndex = 1; lastKnownFileType = text.xcconfig; name = "Pods-Cheer.release.xcconfig"; path = "Target Support Files/Pods-Cheer/Pods-Cheer.release.xcconfig"; sourceTree = "<group>"; };
		8F0BBF23270EEA9F00499E41 /* Cheer.app */ = {isa = PBXFileReference; explicitFileType = wrapper.application; includeInIndex = 0; path = Cheer.app; sourceTree = BUILT_PRODUCTS_DIR; };
		8F0BBF26270EEA9F00499E41 /* CheerApp.swift */ = {isa = PBXFileReference; lastKnownFileType = sourcecode.swift; path = CheerApp.swift; sourceTree = "<group>"; };
		8F0BBF28270EEA9F00499E41 /* ContentView.swift */ = {isa = PBXFileReference; lastKnownFileType = sourcecode.swift; path = ContentView.swift; sourceTree = "<group>"; };
		8F0BBF2A270EEAA000499E41 /* Assets.xcassets */ = {isa = PBXFileReference; lastKnownFileType = folder.assetcatalog; path = Assets.xcassets; sourceTree = "<group>"; };
		8F0BBF2D270EEAA000499E41 /* Preview Assets.xcassets */ = {isa = PBXFileReference; lastKnownFileType = folder.assetcatalog; path = "Preview Assets.xcassets"; sourceTree = "<group>"; };
		8F0BBF33270EEAA100499E41 /* CheerTests.xctest */ = {isa = PBXFileReference; explicitFileType = wrapper.cfbundle; includeInIndex = 0; path = CheerTests.xctest; sourceTree = BUILT_PRODUCTS_DIR; };
		8F0BBF37270EEAA100499E41 /* CheerTests.swift */ = {isa = PBXFileReference; lastKnownFileType = sourcecode.swift; path = CheerTests.swift; sourceTree = "<group>"; };
		8F0BBF3D270EEAA100499E41 /* CheerUITests.xctest */ = {isa = PBXFileReference; explicitFileType = wrapper.cfbundle; includeInIndex = 0; path = CheerUITests.xctest; sourceTree = BUILT_PRODUCTS_DIR; };
		8F0BBF41270EEAA100499E41 /* CheerUITests.swift */ = {isa = PBXFileReference; lastKnownFileType = sourcecode.swift; path = CheerUITests.swift; sourceTree = "<group>"; };
		8F0BBF43270EEAA100499E41 /* CheerUITestsLaunchTests.swift */ = {isa = PBXFileReference; lastKnownFileType = sourcecode.swift; path = CheerUITestsLaunchTests.swift; sourceTree = "<group>"; };
		8F0BBF50270EEAB500499E41 /* WebView.swift */ = {isa = PBXFileReference; lastKnownFileType = sourcecode.swift; path = WebView.swift; sourceTree = "<group>"; };
		8F0BBF532710801900499E41 /* Collection.swift */ = {isa = PBXFileReference; lastKnownFileType = sourcecode.swift; path = Collection.swift; sourceTree = "<group>"; };
		933FCFC3FD3822D17B1A803A /* Pods-Cheer.debug.xcconfig */ = {isa = PBXFileReference; includeInIndex = 1; lastKnownFileType = text.xcconfig; name = "Pods-Cheer.debug.xcconfig"; path = "Target Support Files/Pods-Cheer/Pods-Cheer.debug.xcconfig"; sourceTree = "<group>"; };
/* End PBXFileReference section */

/* Begin PBXFrameworksBuildPhase section */
		8F0BBF20270EEA9F00499E41 /* Frameworks */ = {
			isa = PBXFrameworksBuildPhase;
			buildActionMask = 2147483647;
			files = (
				0710E13DFF38755520368A43 /* Pods_Cheer.framework in Frameworks */,
			);
			runOnlyForDeploymentPostprocessing = 0;
		};
		8F0BBF30270EEAA100499E41 /* Frameworks */ = {
			isa = PBXFrameworksBuildPhase;
			buildActionMask = 2147483647;
			files = (
			);
			runOnlyForDeploymentPostprocessing = 0;
		};
		8F0BBF3A270EEAA100499E41 /* Frameworks */ = {
			isa = PBXFrameworksBuildPhase;
			buildActionMask = 2147483647;
			files = (
			);
			runOnlyForDeploymentPostprocessing = 0;
		};
/* End PBXFrameworksBuildPhase section */

/* Begin PBXGroup section */
		8F0BBF1A270EEA9E00499E41 = {
			isa = PBXGroup;
			children = (
				8F0BBF25270EEA9F00499E41 /* Cheer */,
				8F0BBF36270EEAA100499E41 /* CheerTests */,
				8F0BBF40270EEAA100499E41 /* CheerUITests */,
				8F0BBF24270EEA9F00499E41 /* Products */,
				C0F52405C3F030D517913A76 /* Pods */,
				BEBC7004EE5FCC769F08DBD8 /* Frameworks */,
			);
			sourceTree = "<group>";
		};
		8F0BBF24270EEA9F00499E41 /* Products */ = {
			isa = PBXGroup;
			children = (
				8F0BBF23270EEA9F00499E41 /* Cheer.app */,
				8F0BBF33270EEAA100499E41 /* CheerTests.xctest */,
				8F0BBF3D270EEAA100499E41 /* CheerUITests.xctest */,
			);
			name = Products;
			sourceTree = "<group>";
		};
		8F0BBF25270EEA9F00499E41 /* Cheer */ = {
			isa = PBXGroup;
			children = (
				8F0BBF5227107FCB00499E41 /* Models */,
				8F0BBF26270EEA9F00499E41 /* CheerApp.swift */,
				8F0BBF28270EEA9F00499E41 /* ContentView.swift */,
				8F0BBF2A270EEAA000499E41 /* Assets.xcassets */,
				8F0BBF2C270EEAA000499E41 /* Preview Content */,
				8F0BBF50270EEAB500499E41 /* WebView.swift */,
			);
			path = Cheer;
			sourceTree = "<group>";
		};
		8F0BBF2C270EEAA000499E41 /* Preview Content */ = {
			isa = PBXGroup;
			children = (
				8F0BBF2D270EEAA000499E41 /* Preview Assets.xcassets */,
			);
			path = "Preview Content";
			sourceTree = "<group>";
		};
		8F0BBF36270EEAA100499E41 /* CheerTests */ = {
			isa = PBXGroup;
			children = (
				8F0BBF37270EEAA100499E41 /* CheerTests.swift */,
			);
			path = CheerTests;
			sourceTree = "<group>";
		};
		8F0BBF40270EEAA100499E41 /* CheerUITests */ = {
			isa = PBXGroup;
			children = (
				8F0BBF41270EEAA100499E41 /* CheerUITests.swift */,
				8F0BBF43270EEAA100499E41 /* CheerUITestsLaunchTests.swift */,
			);
			path = CheerUITests;
			sourceTree = "<group>";
		};
		8F0BBF5227107FCB00499E41 /* Models */ = {
			isa = PBXGroup;
			children = (
				8F0BBF532710801900499E41 /* Collection.swift */,
			);
			path = Models;
			sourceTree = "<group>";
		};
		BEBC7004EE5FCC769F08DBD8 /* Frameworks */ = {
			isa = PBXGroup;
			children = (
				73D284131394D4339EA67D84 /* Pods_Cheer.framework */,
			);
			name = Frameworks;
			sourceTree = "<group>";
		};
		C0F52405C3F030D517913A76 /* Pods */ = {
			isa = PBXGroup;
			children = (
				933FCFC3FD3822D17B1A803A /* Pods-Cheer.debug.xcconfig */,
				88655C80B1B9368D54AB9F63 /* Pods-Cheer.release.xcconfig */,
			);
			path = Pods;
			sourceTree = "<group>";
		};
/* End PBXGroup section */

/* Begin PBXNativeTarget section */
		8F0BBF22270EEA9F00499E41 /* Cheer */ = {
			isa = PBXNativeTarget;
			buildConfigurationList = 8F0BBF47270EEAA100499E41 /* Build configuration list for PBXNativeTarget "Cheer" */;
			buildPhases = (
				B04CCA6CF24264EB142740F1 /* [CP] Check Pods Manifest.lock */,
				8F0BBF1F270EEA9F00499E41 /* Sources */,
				8F0BBF20270EEA9F00499E41 /* Frameworks */,
				8F0BBF21270EEA9F00499E41 /* Resources */,
				327837D5898007B34AB20A8A /* [CP] Embed Pods Frameworks */,
			);
			buildRules = (
			);
			dependencies = (
			);
			name = Cheer;
			productName = Cheer;
			productReference = 8F0BBF23270EEA9F00499E41 /* Cheer.app */;
			productType = "com.apple.product-type.application";
		};
		8F0BBF32270EEAA100499E41 /* CheerTests */ = {
			isa = PBXNativeTarget;
			buildConfigurationList = 8F0BBF4A270EEAA100499E41 /* Build configuration list for PBXNativeTarget "CheerTests" */;
			buildPhases = (
				8F0BBF2F270EEAA100499E41 /* Sources */,
				8F0BBF30270EEAA100499E41 /* Frameworks */,
				8F0BBF31270EEAA100499E41 /* Resources */,
			);
			buildRules = (
			);
			dependencies = (
				8F0BBF35270EEAA100499E41 /* PBXTargetDependency */,
			);
			name = CheerTests;
			productName = CheerTests;
			productReference = 8F0BBF33270EEAA100499E41 /* CheerTests.xctest */;
			productType = "com.apple.product-type.bundle.unit-test";
		};
		8F0BBF3C270EEAA100499E41 /* CheerUITests */ = {
			isa = PBXNativeTarget;
			buildConfigurationList = 8F0BBF4D270EEAA100499E41 /* Build configuration list for PBXNativeTarget "CheerUITests" */;
			buildPhases = (
				8F0BBF39270EEAA100499E41 /* Sources */,
				8F0BBF3A270EEAA100499E41 /* Frameworks */,
				8F0BBF3B270EEAA100499E41 /* Resources */,
			);
			buildRules = (
			);
			dependencies = (
				8F0BBF3F270EEAA100499E41 /* PBXTargetDependency */,
			);
			name = CheerUITests;
			productName = CheerUITests;
			productReference = 8F0BBF3D270EEAA100499E41 /* CheerUITests.xctest */;
			productType = "com.apple.product-type.bundle.ui-testing";
		};
/* End PBXNativeTarget section */

/* Begin PBXProject section */
		8F0BBF1B270EEA9E00499E41 /* Project object */ = {
			isa = PBXProject;
			attributes = {
				BuildIndependentTargetsInParallel = 1;
				LastSwiftUpdateCheck = 1300;
				LastUpgradeCheck = 1300;
				TargetAttributes = {
					8F0BBF22270EEA9F00499E41 = {
						CreatedOnToolsVersion = 13.0;
					};
					8F0BBF32270EEAA100499E41 = {
						CreatedOnToolsVersion = 13.0;
						TestTargetID = 8F0BBF22270EEA9F00499E41;
					};
					8F0BBF3C270EEAA100499E41 = {
						CreatedOnToolsVersion = 13.0;
						TestTargetID = 8F0BBF22270EEA9F00499E41;
					};
				};
			};
			buildConfigurationList = 8F0BBF1E270EEA9E00499E41 /* Build configuration list for PBXProject "Cheer" */;
			compatibilityVersion = "Xcode 13.0";
			developmentRegion = en;
			hasScannedForEncodings = 0;
			knownRegions = (
				en,
				Base,
			);
			mainGroup = 8F0BBF1A270EEA9E00499E41;
			productRefGroup = 8F0BBF24270EEA9F00499E41 /* Products */;
			projectDirPath = "";
			projectRoot = "";
			targets = (
				8F0BBF22270EEA9F00499E41 /* Cheer */,
				8F0BBF32270EEAA100499E41 /* CheerTests */,
				8F0BBF3C270EEAA100499E41 /* CheerUITests */,
			);
		};
/* End PBXProject section */

/* Begin PBXResourcesBuildPhase section */
		8F0BBF21270EEA9F00499E41 /* Resources */ = {
			isa = PBXResourcesBuildPhase;
			buildActionMask = 2147483647;
			files = (
				8F0BBF2E270EEAA000499E41 /* Preview Assets.xcassets in Resources */,
				8F0BBF2B270EEAA000499E41 /* Assets.xcassets in Resources */,
			);
			runOnlyForDeploymentPostprocessing = 0;
		};
		8F0BBF31270EEAA100499E41 /* Resources */ = {
			isa = PBXResourcesBuildPhase;
			buildActionMask = 2147483647;
			files = (
			);
			runOnlyForDeploymentPostprocessing = 0;
		};
		8F0BBF3B270EEAA100499E41 /* Resources */ = {
			isa = PBXResourcesBuildPhase;
			buildActionMask = 2147483647;
			files = (
			);
			runOnlyForDeploymentPostprocessing = 0;
		};
/* End PBXResourcesBuildPhase section */

/* Begin PBXShellScriptBuildPhase section */
		327837D5898007B34AB20A8A /* [CP] Embed Pods Frameworks */ = {
			isa = PBXShellScriptBuildPhase;
			buildActionMask = 2147483647;
			files = (
			);
			inputFileListPaths = (
				"${PODS_ROOT}/Target Support Files/Pods-Cheer/Pods-Cheer-frameworks-${CONFIGURATION}-input-files.xcfilelist",
			);
			name = "[CP] Embed Pods Frameworks";
			outputFileListPaths = (
				"${PODS_ROOT}/Target Support Files/Pods-Cheer/Pods-Cheer-frameworks-${CONFIGURATION}-output-files.xcfilelist",
			);
			runOnlyForDeploymentPostprocessing = 0;
			shellPath = /bin/sh;
			shellScript = "\"${PODS_ROOT}/Target Support Files/Pods-Cheer/Pods-Cheer-frameworks.sh\"\n";
			showEnvVarsInLog = 0;
		};
		B04CCA6CF24264EB142740F1 /* [CP] Check Pods Manifest.lock */ = {
			isa = PBXShellScriptBuildPhase;
			buildActionMask = 2147483647;
			files = (
			);
			inputFileListPaths = (
			);
			inputPaths = (
				"${PODS_PODFILE_DIR_PATH}/Podfile.lock",
				"${PODS_ROOT}/Manifest.lock",
			);
			name = "[CP] Check Pods Manifest.lock";
			outputFileListPaths = (
			);
			outputPaths = (
				"$(DERIVED_FILE_DIR)/Pods-Cheer-checkManifestLockResult.txt",
			);
			runOnlyForDeploymentPostprocessing = 0;
			shellPath = /bin/sh;
			shellScript = "diff \"${PODS_PODFILE_DIR_PATH}/Podfile.lock\" \"${PODS_ROOT}/Manifest.lock\" > /dev/null\nif [ $? != 0 ] ; then\n    # print error to STDERR\n    echo \"error: The sandbox is not in sync with the Podfile.lock. Run 'pod install' or update your CocoaPods installation.\" >&2\n    exit 1\nfi\n# This output is used by Xcode 'outputs' to avoid re-running this script phase.\necho \"SUCCESS\" > \"${SCRIPT_OUTPUT_FILE_0}\"\n";
			showEnvVarsInLog = 0;
		};
/* End PBXShellScriptBuildPhase section */

/* Begin PBXSourcesBuildPhase section */
		8F0BBF1F270EEA9F00499E41 /* Sources */ = {
			isa = PBXSourcesBuildPhase;
			buildActionMask = 2147483647;
			files = (
				8F0BBF51270EEAB500499E41 /* WebView.swift in Sources */,
				8F0BBF29270EEA9F00499E41 /* ContentView.swift in Sources */,
				8F0BBF27270EEA9F00499E41 /* CheerApp.swift in Sources */,
				8F0BBF542710801900499E41 /* Collection.swift in Sources */,
			);
			runOnlyForDeploymentPostprocessing = 0;
		};
		8F0BBF2F270EEAA100499E41 /* Sources */ = {
			isa = PBXSourcesBuildPhase;
			buildActionMask = 2147483647;
			files = (
				8F0BBF38270EEAA100499E41 /* CheerTests.swift in Sources */,
			);
			runOnlyForDeploymentPostprocessing = 0;
		};
		8F0BBF39270EEAA100499E41 /* Sources */ = {
			isa = PBXSourcesBuildPhase;
			buildActionMask = 2147483647;
			files = (
				8F0BBF44270EEAA100499E41 /* CheerUITestsLaunchTests.swift in Sources */,
				8F0BBF42270EEAA100499E41 /* CheerUITests.swift in Sources */,
			);
			runOnlyForDeploymentPostprocessing = 0;
		};
/* End PBXSourcesBuildPhase section */

/* Begin PBXTargetDependency section */
		8F0BBF35270EEAA100499E41 /* PBXTargetDependency */ = {
			isa = PBXTargetDependency;
			target = 8F0BBF22270EEA9F00499E41 /* Cheer */;
			targetProxy = 8F0BBF34270EEAA100499E41 /* PBXContainerItemProxy */;
		};
		8F0BBF3F270EEAA100499E41 /* PBXTargetDependency */ = {
			isa = PBXTargetDependency;
			target = 8F0BBF22270EEA9F00499E41 /* Cheer */;
			targetProxy = 8F0BBF3E270EEAA100499E41 /* PBXContainerItemProxy */;
		};
/* End PBXTargetDependency section */

/* Begin XCBuildConfiguration section */
		8F0BBF45270EEAA100499E41 /* Debug */ = {
			isa = XCBuildConfiguration;
			buildSettings = {
				ALWAYS_SEARCH_USER_PATHS = NO;
				CLANG_ANALYZER_NONNULL = YES;
				CLANG_ANALYZER_NUMBER_OBJECT_CONVERSION = YES_AGGRESSIVE;
				CLANG_CXX_LANGUAGE_STANDARD = "gnu++17";
				CLANG_CXX_LIBRARY = "libc++";
				CLANG_ENABLE_MODULES = YES;
				CLANG_ENABLE_OBJC_ARC = YES;
				CLANG_ENABLE_OBJC_WEAK = YES;
				CLANG_WARN_BLOCK_CAPTURE_AUTORELEASING = YES;
				CLANG_WARN_BOOL_CONVERSION = YES;
				CLANG_WARN_COMMA = YES;
				CLANG_WARN_CONSTANT_CONVERSION = YES;
				CLANG_WARN_DEPRECATED_OBJC_IMPLEMENTATIONS = YES;
				CLANG_WARN_DIRECT_OBJC_ISA_USAGE = YES_ERROR;
				CLANG_WARN_DOCUMENTATION_COMMENTS = YES;
				CLANG_WARN_EMPTY_BODY = YES;
				CLANG_WARN_ENUM_CONVERSION = YES;
				CLANG_WARN_INFINITE_RECURSION = YES;
				CLANG_WARN_INT_CONVERSION = YES;
				CLANG_WARN_NON_LITERAL_NULL_CONVERSION = YES;
				CLANG_WARN_OBJC_IMPLICIT_RETAIN_SELF = YES;
				CLANG_WARN_OBJC_LITERAL_CONVERSION = YES;
				CLANG_WARN_OBJC_ROOT_CLASS = YES_ERROR;
				CLANG_WARN_QUOTED_INCLUDE_IN_FRAMEWORK_HEADER = YES;
				CLANG_WARN_RANGE_LOOP_ANALYSIS = YES;
				CLANG_WARN_STRICT_PROTOTYPES = YES;
				CLANG_WARN_SUSPICIOUS_MOVE = YES;
				CLANG_WARN_UNGUARDED_AVAILABILITY = YES_AGGRESSIVE;
				CLANG_WARN_UNREACHABLE_CODE = YES;
				CLANG_WARN__DUPLICATE_METHOD_MATCH = YES;
				COPY_PHASE_STRIP = NO;
				DEBUG_INFORMATION_FORMAT = dwarf;
				ENABLE_STRICT_OBJC_MSGSEND = YES;
				ENABLE_TESTABILITY = YES;
				GCC_C_LANGUAGE_STANDARD = gnu11;
				GCC_DYNAMIC_NO_PIC = NO;
				GCC_NO_COMMON_BLOCKS = YES;
				GCC_OPTIMIZATION_LEVEL = 0;
				GCC_PREPROCESSOR_DEFINITIONS = (
					"DEBUG=1",
					"$(inherited)",
				);
				GCC_WARN_64_TO_32_BIT_CONVERSION = YES;
				GCC_WARN_ABOUT_RETURN_TYPE = YES_ERROR;
				GCC_WARN_UNDECLARED_SELECTOR = YES;
				GCC_WARN_UNINITIALIZED_AUTOS = YES_AGGRESSIVE;
				GCC_WARN_UNUSED_FUNCTION = YES;
				GCC_WARN_UNUSED_VARIABLE = YES;
				IPHONEOS_DEPLOYMENT_TARGET = 15.0;
				MTL_ENABLE_DEBUG_INFO = INCLUDE_SOURCE;
				MTL_FAST_MATH = YES;
				ONLY_ACTIVE_ARCH = YES;
				SDKROOT = iphoneos;
				SWIFT_ACTIVE_COMPILATION_CONDITIONS = DEBUG;
				SWIFT_OPTIMIZATION_LEVEL = "-Onone";
			};
			name = Debug;
		};
		8F0BBF46270EEAA100499E41 /* Release */ = {
			isa = XCBuildConfiguration;
			buildSettings = {
				ALWAYS_SEARCH_USER_PATHS = NO;
				CLANG_ANALYZER_NONNULL = YES;
				CLANG_ANALYZER_NUMBER_OBJECT_CONVERSION = YES_AGGRESSIVE;
				CLANG_CXX_LANGUAGE_STANDARD = "gnu++17";
				CLANG_CXX_LIBRARY = "libc++";
				CLANG_ENABLE_MODULES = YES;
				CLANG_ENABLE_OBJC_ARC = YES;
				CLANG_ENABLE_OBJC_WEAK = YES;
				CLANG_WARN_BLOCK_CAPTURE_AUTORELEASING = YES;
				CLANG_WARN_BOOL_CONVERSION = YES;
				CLANG_WARN_COMMA = YES;
				CLANG_WARN_CONSTANT_CONVERSION = YES;
				CLANG_WARN_DEPRECATED_OBJC_IMPLEMENTATIONS = YES;
				CLANG_WARN_DIRECT_OBJC_ISA_USAGE = YES_ERROR;
				CLANG_WARN_DOCUMENTATION_COMMENTS = YES;
				CLANG_WARN_EMPTY_BODY = YES;
				CLANG_WARN_ENUM_CONVERSION = YES;
				CLANG_WARN_INFINITE_RECURSION = YES;
				CLANG_WARN_INT_CONVERSION = YES;
				CLANG_WARN_NON_LITERAL_NULL_CONVERSION = YES;
				CLANG_WARN_OBJC_IMPLICIT_RETAIN_SELF = YES;
				CLANG_WARN_OBJC_LITERAL_CONVERSION = YES;
				CLANG_WARN_OBJC_ROOT_CLASS = YES_ERROR;
				CLANG_WARN_QUOTED_INCLUDE_IN_FRAMEWORK_HEADER = YES;
				CLANG_WARN_RANGE_LOOP_ANALYSIS = YES;
				CLANG_WARN_STRICT_PROTOTYPES = YES;
				CLANG_WARN_SUSPICIOUS_MOVE = YES;
				CLANG_WARN_UNGUARDED_AVAILABILITY = YES_AGGRESSIVE;
				CLANG_WARN_UNREACHABLE_CODE = YES;
				CLANG_WARN__DUPLICATE_METHOD_MATCH = YES;
				COPY_PHASE_STRIP = NO;
				DEBUG_INFORMATION_FORMAT = "dwarf-with-dsym";
				ENABLE_NS_ASSERTIONS = NO;
				ENABLE_STRICT_OBJC_MSGSEND = YES;
				GCC_C_LANGUAGE_STANDARD = gnu11;
				GCC_NO_COMMON_BLOCKS = YES;
				GCC_WARN_64_TO_32_BIT_CONVERSION = YES;
				GCC_WARN_ABOUT_RETURN_TYPE = YES_ERROR;
				GCC_WARN_UNDECLARED_SELECTOR = YES;
				GCC_WARN_UNINITIALIZED_AUTOS = YES_AGGRESSIVE;
				GCC_WARN_UNUSED_FUNCTION = YES;
				GCC_WARN_UNUSED_VARIABLE = YES;
				IPHONEOS_DEPLOYMENT_TARGET = 15.0;
				MTL_ENABLE_DEBUG_INFO = NO;
				MTL_FAST_MATH = YES;
				SDKROOT = iphoneos;
				SWIFT_COMPILATION_MODE = wholemodule;
				SWIFT_OPTIMIZATION_LEVEL = "-O";
				VALIDATE_PRODUCT = YES;
			};
			name = Release;
		};
		8F0BBF48270EEAA100499E41 /* Debug */ = {
			isa = XCBuildConfiguration;
			baseConfigurationReference = 933FCFC3FD3822D17B1A803A /* Pods-Cheer.debug.xcconfig */;
			buildSettings = {
				ASSETCATALOG_COMPILER_APPICON_NAME = AppIcon;
				ASSETCATALOG_COMPILER_GLOBAL_ACCENT_COLOR_NAME = AccentColor;
				CODE_SIGN_STYLE = Automatic;
				CURRENT_PROJECT_VERSION = 1;
				DEVELOPMENT_ASSET_PATHS = "\"Cheer/Preview Content\"";
				DEVELOPMENT_TEAM = 4SPKGZ2H26;
				ENABLE_PREVIEWS = YES;
				GENERATE_INFOPLIST_FILE = YES;
				INFOPLIST_KEY_UIApplicationSceneManifest_Generation = YES;
				INFOPLIST_KEY_UIApplicationSupportsIndirectInputEvents = YES;
				INFOPLIST_KEY_UILaunchScreen_Generation = YES;
				INFOPLIST_KEY_UISupportedInterfaceOrientations_iPad = "UIInterfaceOrientationPortrait UIInterfaceOrientationPortraitUpsideDown UIInterfaceOrientationLandscapeLeft UIInterfaceOrientationLandscapeRight";
				INFOPLIST_KEY_UISupportedInterfaceOrientations_iPhone = "UIInterfaceOrientationPortrait UIInterfaceOrientationLandscapeLeft UIInterfaceOrientationLandscapeRight";
				IPHONEOS_DEPLOYMENT_TARGET = 14.0;
				LD_RUNPATH_SEARCH_PATHS = (
					"$(inherited)",
					"@executable_path/Frameworks",
				);
				MARKETING_VERSION = 1.0;
				PRODUCT_BUNDLE_IDENTIFIER = com.songv.Cheer;
				PRODUCT_NAME = "$(TARGET_NAME)";
				SWIFT_EMIT_LOC_STRINGS = YES;
				SWIFT_VERSION = 5.0;
				TARGETED_DEVICE_FAMILY = "1,2";
			};
			name = Debug;
		};
		8F0BBF49270EEAA100499E41 /* Release */ = {
			isa = XCBuildConfiguration;
			baseConfigurationReference = 88655C80B1B9368D54AB9F63 /* Pods-Cheer.release.xcconfig */;
			buildSettings = {
				ASSETCATALOG_COMPILER_APPICON_NAME = AppIcon;
				ASSETCATALOG_COMPILER_GLOBAL_ACCENT_COLOR_NAME = AccentColor;
				CODE_SIGN_STYLE = Automatic;
				CURRENT_PROJECT_VERSION = 1;
				DEVELOPMENT_ASSET_PATHS = "\"Cheer/Preview Content\"";
				DEVELOPMENT_TEAM = 4SPKGZ2H26;
				ENABLE_PREVIEWS = YES;
				GENERATE_INFOPLIST_FILE = YES;
				INFOPLIST_KEY_UIApplicationSceneManifest_Generation = YES;
				INFOPLIST_KEY_UIApplicationSupportsIndirectInputEvents = YES;
				INFOPLIST_KEY_UILaunchScreen_Generation = YES;
				INFOPLIST_KEY_UISupportedInterfaceOrientations_iPad = "UIInterfaceOrientationPortrait UIInterfaceOrientationPortraitUpsideDown UIInterfaceOrientationLandscapeLeft UIInterfaceOrientationLandscapeRight";
				INFOPLIST_KEY_UISupportedInterfaceOrientations_iPhone = "UIInterfaceOrientationPortrait UIInterfaceOrientationLandscapeLeft UIInterfaceOrientationLandscapeRight";
				IPHONEOS_DEPLOYMENT_TARGET = 14.0;
				LD_RUNPATH_SEARCH_PATHS = (
					"$(inherited)",
					"@executable_path/Frameworks",
				);
				MARKETING_VERSION = 1.0;
				PRODUCT_BUNDLE_IDENTIFIER = com.songv.Cheer;
				PRODUCT_NAME = "$(TARGET_NAME)";
				SWIFT_EMIT_LOC_STRINGS = YES;
				SWIFT_VERSION = 5.0;
				TARGETED_DEVICE_FAMILY = "1,2";
			};
			name = Release;
		};
		8F0BBF4B270EEAA100499E41 /* Debug */ = {
			isa = XCBuildConfiguration;
			buildSettings = {
				ALWAYS_EMBED_SWIFT_STANDARD_LIBRARIES = YES;
				BUNDLE_LOADER = "$(TEST_HOST)";
				CODE_SIGN_STYLE = Automatic;
				CURRENT_PROJECT_VERSION = 1;
				GENERATE_INFOPLIST_FILE = YES;
				IPHONEOS_DEPLOYMENT_TARGET = 14.0;
				LD_RUNPATH_SEARCH_PATHS = (
					"$(inherited)",
					"@executable_path/Frameworks",
					"@loader_path/Frameworks",
				);
				MARKETING_VERSION = 1.0;
				PRODUCT_BUNDLE_IDENTIFIER = com.songv.CheerTests;
				PRODUCT_NAME = "$(TARGET_NAME)";
				SWIFT_EMIT_LOC_STRINGS = NO;
				SWIFT_VERSION = 5.0;
				TARGETED_DEVICE_FAMILY = "1,2";
				TEST_HOST = "$(BUILT_PRODUCTS_DIR)/Cheer.app/Cheer";
			};
			name = Debug;
		};
		8F0BBF4C270EEAA100499E41 /* Release */ = {
			isa = XCBuildConfiguration;
			buildSettings = {
				ALWAYS_EMBED_SWIFT_STANDARD_LIBRARIES = YES;
				BUNDLE_LOADER = "$(TEST_HOST)";
				CODE_SIGN_STYLE = Automatic;
				CURRENT_PROJECT_VERSION = 1;
				GENERATE_INFOPLIST_FILE = YES;
				IPHONEOS_DEPLOYMENT_TARGET = 14.0;
				LD_RUNPATH_SEARCH_PATHS = (
					"$(inherited)",
					"@executable_path/Frameworks",
					"@loader_path/Frameworks",
				);
				MARKETING_VERSION = 1.0;
				PRODUCT_BUNDLE_IDENTIFIER = com.songv.CheerTests;
				PRODUCT_NAME = "$(TARGET_NAME)";
				SWIFT_EMIT_LOC_STRINGS = NO;
				SWIFT_VERSION = 5.0;
				TARGETED_DEVICE_FAMILY = "1,2";
				TEST_HOST = "$(BUILT_PRODUCTS_DIR)/Cheer.app/Cheer";
			};
			name = Release;
		};
		8F0BBF4E270EEAA100499E41 /* Debug */ = {
			isa = XCBuildConfiguration;
			buildSettings = {
				ALWAYS_EMBED_SWIFT_STANDARD_LIBRARIES = YES;
				CODE_SIGN_STYLE = Automatic;
				CURRENT_PROJECT_VERSION = 1;
				GENERATE_INFOPLIST_FILE = YES;
				LD_RUNPATH_SEARCH_PATHS = (
					"$(inherited)",
					"@executable_path/Frameworks",
					"@loader_path/Frameworks",
				);
				MARKETING_VERSION = 1.0;
				PRODUCT_BUNDLE_IDENTIFIER = com.songv.CheerUITests;
				PRODUCT_NAME = "$(TARGET_NAME)";
				SWIFT_EMIT_LOC_STRINGS = NO;
				SWIFT_VERSION = 5.0;
				TARGETED_DEVICE_FAMILY = "1,2";
				TEST_TARGET_NAME = Cheer;
			};
			name = Debug;
		};
		8F0BBF4F270EEAA100499E41 /* Release */ = {
			isa = XCBuildConfiguration;
			buildSettings = {
				ALWAYS_EMBED_SWIFT_STANDARD_LIBRARIES = YES;
				CODE_SIGN_STYLE = Automatic;
				CURRENT_PROJECT_VERSION = 1;
				GENERATE_INFOPLIST_FILE = YES;
				LD_RUNPATH_SEARCH_PATHS = (
					"$(inherited)",
					"@executable_path/Frameworks",
					"@loader_path/Frameworks",
				);
				MARKETING_VERSION = 1.0;
				PRODUCT_BUNDLE_IDENTIFIER = com.songv.CheerUITests;
				PRODUCT_NAME = "$(TARGET_NAME)";
				SWIFT_EMIT_LOC_STRINGS = NO;
				SWIFT_VERSION = 5.0;
				TARGETED_DEVICE_FAMILY = "1,2";
				TEST_TARGET_NAME = Cheer;
			};
			name = Release;
		};
/* End XCBuildConfiguration section */

/* Begin XCConfigurationList section */
		8F0BBF1E270EEA9E00499E41 /* Build configuration list for PBXProject "Cheer" */ = {
			isa = XCConfigurationList;
			buildConfigurations = (
				8F0BBF45270EEAA100499E41 /* Debug */,
				8F0BBF46270EEAA100499E41 /* Release */,
			);
			defaultConfigurationIsVisible = 0;
			defaultConfigurationName = Release;
		};
		8F0BBF47270EEAA100499E41 /* Build configuration list for PBXNativeTarget "Cheer" */ = {
			isa = XCConfigurationList;
			buildConfigurations = (
				8F0BBF48270EEAA100499E41 /* Debug */,
				8F0BBF49270EEAA100499E41 /* Release */,
			);
			defaultConfigurationIsVisible = 0;
			defaultConfigurationName = Release;
		};
		8F0BBF4A270EEAA100499E41 /* Build configuration list for PBXNativeTarget "CheerTests" */ = {
			isa = XCConfigurationList;
			buildConfigurations = (
				8F0BBF4B270EEAA100499E41 /* Debug */,
				8F0BBF4C270EEAA100499E41 /* Release */,
			);
			defaultConfigurationIsVisible = 0;
			defaultConfigurationName = Release;
		};
		8F0BBF4D270EEAA100499E41 /* Build configuration list for PBXNativeTarget "CheerUITests" */ = {
			isa = XCConfigurationList;
			buildConfigurations = (
				8F0BBF4E270EEAA100499E41 /* Debug */,
				8F0BBF4F270EEAA100499E41 /* Release */,
			);
			defaultConfigurationIsVisible = 0;
			defaultConfigurationName = Release;
		};
/* End XCConfigurationList section */
	};
	rootObject = 8F0BBF1B270EEA9E00499E41 /* Project object */;
}
